// !$*UTF8*$!
{
	archiveVersion = 1;
	classes = {
	};
	objectVersion = 51;
	objects = {

/* Begin PBXBuildFile section */
		120DA83326C2521600176FBE /* Model.swift in Sources */ = {isa = PBXBuildFile; fileRef = 120DA83226C2521600176FBE /* Model.swift */; };
		120DA83A26C27F2000176FBE /* MyTableViewCell.xib in Resources */ = {isa = PBXBuildFile; fileRef = 120DA83926C27F2000176FBE /* MyTableViewCell.xib */; };
		120DA83D26C27F2C00176FBE /* MyTableViewCell.swift in Sources */ = {isa = PBXBuildFile; fileRef = 120DA83C26C27F2C00176FBE /* MyTableViewCell.swift */; };
		126026E526BFC188006057E2 /* LocationRouter.swift in Sources */ = {isa = PBXBuildFile; fileRef = 126026E426BFC188006057E2 /* LocationRouter.swift */; };
		1264A4C526BDEBF00081AFF7 /* CustomViewA.xib in Resources */ = {isa = PBXBuildFile; fileRef = 1264A4C426BDEBF00081AFF7 /* CustomViewA.xib */; };
		1264A4C826BDEEA30081AFF7 /* CustomViewA.swift in Sources */ = {isa = PBXBuildFile; fileRef = 1264A4C726BDEEA30081AFF7 /* CustomViewA.swift */; };
		1264A4CB26BDF47F0081AFF7 /* CustomViewB.xib in Resources */ = {isa = PBXBuildFile; fileRef = 1264A4CA26BDF47F0081AFF7 /* CustomViewB.xib */; };
		1264A4CE26BDF4890081AFF7 /* CustomViewB.swift in Sources */ = {isa = PBXBuildFile; fileRef = 1264A4CD26BDF4890081AFF7 /* CustomViewB.swift */; };
		1264A4D126BDFA9B0081AFF7 /* CustomViewC.swift in Sources */ = {isa = PBXBuildFile; fileRef = 1264A4D026BDFA9B0081AFF7 /* CustomViewC.swift */; };
		1264A4D426BDFAAA0081AFF7 /* CustomViewC.xib in Resources */ = {isa = PBXBuildFile; fileRef = 1264A4D326BDFAAA0081AFF7 /* CustomViewC.xib */; };
		1265880126BD449C002C7BD8 /* MyAlamofireManager.swift in Sources */ = {isa = PBXBuildFile; fileRef = 1265880026BD449C002C7BD8 /* MyAlamofireManager.swift */; };
		12761CAC26BE896000952AEA /* Constants.swift in Sources */ = {isa = PBXBuildFile; fileRef = 12761CAB26BE896000952AEA /* Constants.swift */; };
		12761CAF26BE8CA700952AEA /* CustomViewProtocol.swift in Sources */ = {isa = PBXBuildFile; fileRef = 12761CAE26BE8CA700952AEA /* CustomViewProtocol.swift */; };
		12F9FAC226BC114F00A6A7A1 /* AppDelegate.swift in Sources */ = {isa = PBXBuildFile; fileRef = 12F9FAC126BC114F00A6A7A1 /* AppDelegate.swift */; };
		12F9FAC426BC114F00A6A7A1 /* SceneDelegate.swift in Sources */ = {isa = PBXBuildFile; fileRef = 12F9FAC326BC114F00A6A7A1 /* SceneDelegate.swift */; };
		12F9FAC626BC114F00A6A7A1 /* ViewController.swift in Sources */ = {isa = PBXBuildFile; fileRef = 12F9FAC526BC114F00A6A7A1 /* ViewController.swift */; };
		12F9FAC926BC114F00A6A7A1 /* Main.storyboard in Resources */ = {isa = PBXBuildFile; fileRef = 12F9FAC726BC114F00A6A7A1 /* Main.storyboard */; };
		12F9FACB26BC114F00A6A7A1 /* Assets.xcassets in Resources */ = {isa = PBXBuildFile; fileRef = 12F9FACA26BC114F00A6A7A1 /* Assets.xcassets */; };
		12F9FACE26BC114F00A6A7A1 /* LaunchScreen.storyboard in Resources */ = {isa = PBXBuildFile; fileRef = 12F9FACC26BC114F00A6A7A1 /* LaunchScreen.storyboard */; };
		C4317F858F00432C34A6A6E2 /* Pods_mvl_AirQuality.framework in Frameworks */ = {isa = PBXBuildFile; fileRef = A7435025A8969C5547BB6779 /* Pods_mvl_AirQuality.framework */; };
/* End PBXBuildFile section */

/* Begin PBXFileReference section */
		0534F35C5A488285BFA6194B /* Pods-mvl-AirQuality.debug.xcconfig */ = {isa = PBXFileReference; includeInIndex = 1; lastKnownFileType = text.xcconfig; name = "Pods-mvl-AirQuality.debug.xcconfig"; path = "Target Support Files/Pods-mvl-AirQuality/Pods-mvl-AirQuality.debug.xcconfig"; sourceTree = "<group>"; };
		120DA83226C2521600176FBE /* Model.swift */ = {isa = PBXFileReference; lastKnownFileType = sourcecode.swift; path = Model.swift; sourceTree = "<group>"; };
		120DA83926C27F2000176FBE /* MyTableViewCell.xib */ = {isa = PBXFileReference; lastKnownFileType = file.xib; path = MyTableViewCell.xib; sourceTree = "<group>"; };
		120DA83C26C27F2C00176FBE /* MyTableViewCell.swift */ = {isa = PBXFileReference; lastKnownFileType = sourcecode.swift; path = MyTableViewCell.swift; sourceTree = "<group>"; };
		126026E426BFC188006057E2 /* LocationRouter.swift */ = {isa = PBXFileReference; lastKnownFileType = sourcecode.swift; path = LocationRouter.swift; sourceTree = "<group>"; };
		1264A4C426BDEBF00081AFF7 /* CustomViewA.xib */ = {isa = PBXFileReference; lastKnownFileType = file.xib; path = CustomViewA.xib; sourceTree = "<group>"; };
		1264A4C726BDEEA30081AFF7 /* CustomViewA.swift */ = {isa = PBXFileReference; lastKnownFileType = sourcecode.swift; path = CustomViewA.swift; sourceTree = "<group>"; };
		1264A4CA26BDF47F0081AFF7 /* CustomViewB.xib */ = {isa = PBXFileReference; lastKnownFileType = file.xib; path = CustomViewB.xib; sourceTree = "<group>"; };
		1264A4CD26BDF4890081AFF7 /* CustomViewB.swift */ = {isa = PBXFileReference; lastKnownFileType = sourcecode.swift; path = CustomViewB.swift; sourceTree = "<group>"; };
		1264A4D026BDFA9B0081AFF7 /* CustomViewC.swift */ = {isa = PBXFileReference; lastKnownFileType = sourcecode.swift; path = CustomViewC.swift; sourceTree = "<group>"; };
		1264A4D326BDFAAA0081AFF7 /* CustomViewC.xib */ = {isa = PBXFileReference; lastKnownFileType = file.xib; path = CustomViewC.xib; sourceTree = "<group>"; };
		1265880026BD449C002C7BD8 /* MyAlamofireManager.swift */ = {isa = PBXFileReference; lastKnownFileType = sourcecode.swift; path = MyAlamofireManager.swift; sourceTree = "<group>"; };
		12761CAB26BE896000952AEA /* Constants.swift */ = {isa = PBXFileReference; lastKnownFileType = sourcecode.swift; path = Constants.swift; sourceTree = "<group>"; };
		12761CAE26BE8CA700952AEA /* CustomViewProtocol.swift */ = {isa = PBXFileReference; lastKnownFileType = sourcecode.swift; path = CustomViewProtocol.swift; sourceTree = "<group>"; };
		12F9FABE26BC114F00A6A7A1 /* mvl-AirQuality.app */ = {isa = PBXFileReference; explicitFileType = wrapper.application; includeInIndex = 0; path = "mvl-AirQuality.app"; sourceTree = BUILT_PRODUCTS_DIR; };
		12F9FAC126BC114F00A6A7A1 /* AppDelegate.swift */ = {isa = PBXFileReference; lastKnownFileType = sourcecode.swift; path = AppDelegate.swift; sourceTree = "<group>"; };
		12F9FAC326BC114F00A6A7A1 /* SceneDelegate.swift */ = {isa = PBXFileReference; lastKnownFileType = sourcecode.swift; path = SceneDelegate.swift; sourceTree = "<group>"; };
		12F9FAC526BC114F00A6A7A1 /* ViewController.swift */ = {isa = PBXFileReference; lastKnownFileType = sourcecode.swift; path = ViewController.swift; sourceTree = "<group>"; };
		12F9FAC826BC114F00A6A7A1 /* Base */ = {isa = PBXFileReference; lastKnownFileType = file.storyboard; name = Base; path = Base.lproj/Main.storyboard; sourceTree = "<group>"; };
		12F9FACA26BC114F00A6A7A1 /* Assets.xcassets */ = {isa = PBXFileReference; lastKnownFileType = folder.assetcatalog; path = Assets.xcassets; sourceTree = "<group>"; };
		12F9FACD26BC114F00A6A7A1 /* Base */ = {isa = PBXFileReference; lastKnownFileType = file.storyboard; name = Base; path = Base.lproj/LaunchScreen.storyboard; sourceTree = "<group>"; };
		12F9FACF26BC114F00A6A7A1 /* Info.plist */ = {isa = PBXFileReference; lastKnownFileType = text.plist.xml; path = Info.plist; sourceTree = "<group>"; };
		281F98B780D14C6B0B379046 /* Pods-mvl-AirQuality.release.xcconfig */ = {isa = PBXFileReference; includeInIndex = 1; lastKnownFileType = text.xcconfig; name = "Pods-mvl-AirQuality.release.xcconfig"; path = "Target Support Files/Pods-mvl-AirQuality/Pods-mvl-AirQuality.release.xcconfig"; sourceTree = "<group>"; };
		A7435025A8969C5547BB6779 /* Pods_mvl_AirQuality.framework */ = {isa = PBXFileReference; explicitFileType = wrapper.framework; includeInIndex = 0; path = Pods_mvl_AirQuality.framework; sourceTree = BUILT_PRODUCTS_DIR; };
/* End PBXFileReference section */

/* Begin PBXFrameworksBuildPhase section */
		12F9FABB26BC114F00A6A7A1 /* Frameworks */ = {
			isa = PBXFrameworksBuildPhase;
			buildActionMask = 2147483647;
			files = (
				C4317F858F00432C34A6A6E2 /* Pods_mvl_AirQuality.framework in Frameworks */,
			);
			runOnlyForDeploymentPostprocessing = 0;
		};
/* End PBXFrameworksBuildPhase section */

/* Begin PBXGroup section */
		1264A4D726BE039B0081AFF7 /* View */ = {
			isa = PBXGroup;
			children = (
				1264A4C426BDEBF00081AFF7 /* CustomViewA.xib */,
				1264A4C726BDEEA30081AFF7 /* CustomViewA.swift */,
				1264A4CA26BDF47F0081AFF7 /* CustomViewB.xib */,
				1264A4CD26BDF4890081AFF7 /* CustomViewB.swift */,
				1264A4D326BDFAAA0081AFF7 /* CustomViewC.xib */,
				1264A4D026BDFA9B0081AFF7 /* CustomViewC.swift */,
			);
			path = View;
			sourceTree = "<group>";
		};
		1264A4D826BE03DC0081AFF7 /* App */ = {
			isa = PBXGroup;
			children = (
				12F9FACA26BC114F00A6A7A1 /* Assets.xcassets */,
				12F9FAC126BC114F00A6A7A1 /* AppDelegate.swift */,
				12F9FAC326BC114F00A6A7A1 /* SceneDelegate.swift */,
			);
			path = App;
			sourceTree = "<group>";
		};
		12F9FAB526BC114F00A6A7A1 = {
			isa = PBXGroup;
			children = (
				12F9FAC026BC114F00A6A7A1 /* mvl-AirQuality */,
				12F9FABF26BC114F00A6A7A1 /* Products */,
				CE518E3357003D00D0DABA10 /* Pods */,
				EE6AD9E33F2EBCF1E223C59B /* Frameworks */,
			);
			sourceTree = "<group>";
		};
		12F9FABF26BC114F00A6A7A1 /* Products */ = {
			isa = PBXGroup;
			children = (
				12F9FABE26BC114F00A6A7A1 /* mvl-AirQuality.app */,
			);
			name = Products;
			sourceTree = "<group>";
		};
		12F9FAC026BC114F00A6A7A1 /* mvl-AirQuality */ = {
			isa = PBXGroup;
			children = (
				1264A4D826BE03DC0081AFF7 /* App */,
				1264A4D726BE039B0081AFF7 /* View */,
				12F9FAC526BC114F00A6A7A1 /* ViewController.swift */,
				12F9FAC726BC114F00A6A7A1 /* Main.storyboard */,
				12F9FACC26BC114F00A6A7A1 /* LaunchScreen.storyboard */,
				12F9FACF26BC114F00A6A7A1 /* Info.plist */,
				1265880026BD449C002C7BD8 /* MyAlamofireManager.swift */,
				12761CAB26BE896000952AEA /* Constants.swift */,
				12761CAE26BE8CA700952AEA /* CustomViewProtocol.swift */,
				126026E426BFC188006057E2 /* LocationRouter.swift */,
				120DA83226C2521600176FBE /* Model.swift */,
				120DA83926C27F2000176FBE /* MyTableViewCell.xib */,
				120DA83C26C27F2C00176FBE /* MyTableViewCell.swift */,
			);
			path = "mvl-AirQuality";
			sourceTree = "<group>";
		};
		CE518E3357003D00D0DABA10 /* Pods */ = {
			isa = PBXGroup;
			children = (
				0534F35C5A488285BFA6194B /* Pods-mvl-AirQuality.debug.xcconfig */,
				281F98B780D14C6B0B379046 /* Pods-mvl-AirQuality.release.xcconfig */,
			);
			path = Pods;
			sourceTree = "<group>";
		};
		EE6AD9E33F2EBCF1E223C59B /* Frameworks */ = {
			isa = PBXGroup;
			children = (
				A7435025A8969C5547BB6779 /* Pods_mvl_AirQuality.framework */,
			);
			name = Frameworks;
			sourceTree = "<group>";
		};
/* End PBXGroup section */

/* Begin PBXNativeTarget section */
		12F9FABD26BC114F00A6A7A1 /* mvl-AirQuality */ = {
			isa = PBXNativeTarget;
			buildConfigurationList = 12F9FAD226BC114F00A6A7A1 /* Build configuration list for PBXNativeTarget "mvl-AirQuality" */;
			buildPhases = (
				6C1132FD78F9D61462E53CD4 /* [CP] Check Pods Manifest.lock */,
				12F9FABA26BC114F00A6A7A1 /* Sources */,
				12F9FABB26BC114F00A6A7A1 /* Frameworks */,
				12F9FABC26BC114F00A6A7A1 /* Resources */,
				E7780CEAC8130C755E0FDBDC /* [CP] Embed Pods Frameworks */,
				93359A59695623C3535235BC /* [CP] Copy Pods Resources */,
			);
			buildRules = (
			);
			dependencies = (
			);
			name = "mvl-AirQuality";
			productName = "mvl-AirQuality";
			productReference = 12F9FABE26BC114F00A6A7A1 /* mvl-AirQuality.app */;
			productType = "com.apple.product-type.application";
		};
/* End PBXNativeTarget section */

/* Begin PBXProject section */
		12F9FAB626BC114F00A6A7A1 /* Project object */ = {
			isa = PBXProject;
			attributes = {
				LastSwiftUpdateCheck = 1240;
				LastUpgradeCheck = 1240;
				TargetAttributes = {
					12F9FABD26BC114F00A6A7A1 = {
						CreatedOnToolsVersion = 12.4;
					};
				};
			};
			buildConfigurationList = 12F9FAB926BC114F00A6A7A1 /* Build configuration list for PBXProject "mvl-AirQuality" */;
			compatibilityVersion = "Xcode 9.3";
			developmentRegion = en;
			hasScannedForEncodings = 0;
			knownRegions = (
				en,
				Base,
			);
			mainGroup = 12F9FAB526BC114F00A6A7A1;
			productRefGroup = 12F9FABF26BC114F00A6A7A1 /* Products */;
			projectDirPath = "";
			projectRoot = "";
			targets = (
				12F9FABD26BC114F00A6A7A1 /* mvl-AirQuality */,
			);
		};
/* End PBXProject section */

/* Begin PBXResourcesBuildPhase section */
		12F9FABC26BC114F00A6A7A1 /* Resources */ = {
			isa = PBXResourcesBuildPhase;
			buildActionMask = 2147483647;
			files = (
				1264A4CB26BDF47F0081AFF7 /* CustomViewB.xib in Resources */,
				1264A4D426BDFAAA0081AFF7 /* CustomViewC.xib in Resources */,
				12F9FACE26BC114F00A6A7A1 /* LaunchScreen.storyboard in Resources */,
				12F9FACB26BC114F00A6A7A1 /* Assets.xcassets in Resources */,
				12F9FAC926BC114F00A6A7A1 /* Main.storyboard in Resources */,
				120DA83A26C27F2000176FBE /* MyTableViewCell.xib in Resources */,
				1264A4C526BDEBF00081AFF7 /* CustomViewA.xib in Resources */,
			);
			runOnlyForDeploymentPostprocessing = 0;
		};
/* End PBXResourcesBuildPhase section */

/* Begin PBXShellScriptBuildPhase section */
		6C1132FD78F9D61462E53CD4 /* [CP] Check Pods Manifest.lock */ = {
			isa = PBXShellScriptBuildPhase;
			buildActionMask = 2147483647;
			files = (
			);
			inputFileListPaths = (
			);
			inputPaths = (
				"${PODS_PODFILE_DIR_PATH}/Podfile.lock",
				"${PODS_ROOT}/Manifest.lock",
			);
			name = "[CP] Check Pods Manifest.lock";
			outputFileListPaths = (
			);
			outputPaths = (
				"$(DERIVED_FILE_DIR)/Pods-mvl-AirQuality-checkManifestLockResult.txt",
			);
			runOnlyForDeploymentPostprocessing = 0;
			shellPath = /bin/sh;
			shellScript = "diff \"${PODS_PODFILE_DIR_PATH}/Podfile.lock\" \"${PODS_ROOT}/Manifest.lock\" > /dev/null\nif [ $? != 0 ] ; then\n    # print error to STDERR\n    echo \"error: The sandbox is not in sync with the Podfile.lock. Run 'pod install' or update your CocoaPods installation.\" >&2\n    exit 1\nfi\n# This output is used by Xcode 'outputs' to avoid re-running this script phase.\necho \"SUCCESS\" > \"${SCRIPT_OUTPUT_FILE_0}\"\n";
			showEnvVarsInLog = 0;
		};
		93359A59695623C3535235BC /* [CP] Copy Pods Resources */ = {
			isa = PBXShellScriptBuildPhase;
			buildActionMask = 2147483647;
			files = (
			);
			inputFileListPaths = (
				"${PODS_ROOT}/Target Support Files/Pods-mvl-AirQuality/Pods-mvl-AirQuality-resources-${CONFIGURATION}-input-files.xcfilelist",
			);
			name = "[CP] Copy Pods Resources";
			outputFileListPaths = (
				"${PODS_ROOT}/Target Support Files/Pods-mvl-AirQuality/Pods-mvl-AirQuality-resources-${CONFIGURATION}-output-files.xcfilelist",
			);
			runOnlyForDeploymentPostprocessing = 0;
			shellPath = /bin/sh;
			shellScript = "\"${PODS_ROOT}/Target Support Files/Pods-mvl-AirQuality/Pods-mvl-AirQuality-resources.sh\"\n";
			showEnvVarsInLog = 0;
		};
		E7780CEAC8130C755E0FDBDC /* [CP] Embed Pods Frameworks */ = {
			isa = PBXShellScriptBuildPhase;
			buildActionMask = 2147483647;
			files = (
			);
			inputFileListPaths = (
				"${PODS_ROOT}/Target Support Files/Pods-mvl-AirQuality/Pods-mvl-AirQuality-frameworks-${CONFIGURATION}-input-files.xcfilelist",
			);
			name = "[CP] Embed Pods Frameworks";
			outputFileListPaths = (
				"${PODS_ROOT}/Target Support Files/Pods-mvl-AirQuality/Pods-mvl-AirQuality-frameworks-${CONFIGURATION}-output-files.xcfilelist",
			);
			runOnlyForDeploymentPostprocessing = 0;
			shellPath = /bin/sh;
			shellScript = "\"${PODS_ROOT}/Target Support Files/Pods-mvl-AirQuality/Pods-mvl-AirQuality-frameworks.sh\"\n";
			showEnvVarsInLog = 0;
		};
/* End PBXShellScriptBuildPhase section */

/* Begin PBXSourcesBuildPhase section */
		12F9FABA26BC114F00A6A7A1 /* Sources */ = {
			isa = PBXSourcesBuildPhase;
			buildActionMask = 2147483647;
			files = (
				1265880126BD449C002C7BD8 /* MyAlamofireManager.swift in Sources */,
				12F9FAC626BC114F00A6A7A1 /* ViewController.swift in Sources */,
				12F9FAC226BC114F00A6A7A1 /* AppDelegate.swift in Sources */,
				1264A4C826BDEEA30081AFF7 /* CustomViewA.swift in Sources */,
				12761CAF26BE8CA700952AEA /* CustomViewProtocol.swift in Sources */,
				120DA83D26C27F2C00176FBE /* MyTableViewCell.swift in Sources */,
				1264A4CE26BDF4890081AFF7 /* CustomViewB.swift in Sources */,
				12F9FAC426BC114F00A6A7A1 /* SceneDelegate.swift in Sources */,
				126026E526BFC188006057E2 /* LocationRouter.swift in Sources */,
				120DA83326C2521600176FBE /* Model.swift in Sources */,
				1264A4D126BDFA9B0081AFF7 /* CustomViewC.swift in Sources */,
				12761CAC26BE896000952AEA /* Constants.swift in Sources */,
			);
			runOnlyForDeploymentPostprocessing = 0;
		};
/* End PBXSourcesBuildPhase section */

/* Begin PBXVariantGroup section */
		12F9FAC726BC114F00A6A7A1 /* Main.storyboard */ = {
			isa = PBXVariantGroup;
			children = (
				12F9FAC826BC114F00A6A7A1 /* Base */,
			);
			name = Main.storyboard;
			sourceTree = "<group>";
		};
		12F9FACC26BC114F00A6A7A1 /* LaunchScreen.storyboard */ = {
			isa = PBXVariantGroup;
			children = (
				12F9FACD26BC114F00A6A7A1 /* Base */,
			);
			name = LaunchScreen.storyboard;
			sourceTree = "<group>";
		};
/* End PBXVariantGroup section */

/* Begin XCBuildConfiguration section */
		12F9FAD026BC114F00A6A7A1 /* Debug */ = {
			isa = XCBuildConfiguration;
			buildSettings = {
				ALWAYS_SEARCH_USER_PATHS = NO;
				CLANG_ANALYZER_NONNULL = YES;
				CLANG_ANALYZER_NUMBER_OBJECT_CONVERSION = YES_AGGRESSIVE;
				CLANG_CXX_LANGUAGE_STANDARD = "gnu++14";
				CLANG_CXX_LIBRARY = "libc++";
				CLANG_ENABLE_MODULES = YES;
				CLANG_ENABLE_OBJC_ARC = YES;
				CLANG_ENABLE_OBJC_WEAK = YES;
				CLANG_WARN_BLOCK_CAPTURE_AUTORELEASING = YES;
				CLANG_WARN_BOOL_CONVERSION = YES;
				CLANG_WARN_COMMA = YES;
				CLANG_WARN_CONSTANT_CONVERSION = YES;
				CLANG_WARN_DEPRECATED_OBJC_IMPLEMENTATIONS = YES;
				CLANG_WARN_DIRECT_OBJC_ISA_USAGE = YES_ERROR;
				CLANG_WARN_DOCUMENTATION_COMMENTS = YES;
				CLANG_WARN_EMPTY_BODY = YES;
				CLANG_WARN_ENUM_CONVERSION = YES;
				CLANG_WARN_INFINITE_RECURSION = YES;
				CLANG_WARN_INT_CONVERSION = YES;
				CLANG_WARN_NON_LITERAL_NULL_CONVERSION = YES;
				CLANG_WARN_OBJC_IMPLICIT_RETAIN_SELF = YES;
				CLANG_WARN_OBJC_LITERAL_CONVERSION = YES;
				CLANG_WARN_OBJC_ROOT_CLASS = YES_ERROR;
				CLANG_WARN_QUOTED_INCLUDE_IN_FRAMEWORK_HEADER = YES;
				CLANG_WARN_RANGE_LOOP_ANALYSIS = YES;
				CLANG_WARN_STRICT_PROTOTYPES = YES;
				CLANG_WARN_SUSPICIOUS_MOVE = YES;
				CLANG_WARN_UNGUARDED_AVAILABILITY = YES_AGGRESSIVE;
				CLANG_WARN_UNREACHABLE_CODE = YES;
				CLANG_WARN__DUPLICATE_METHOD_MATCH = YES;
				COPY_PHASE_STRIP = NO;
				DEBUG_INFORMATION_FORMAT = dwarf;
				ENABLE_STRICT_OBJC_MSGSEND = YES;
				ENABLE_TESTABILITY = YES;
				GCC_C_LANGUAGE_STANDARD = gnu11;
				GCC_DYNAMIC_NO_PIC = NO;
				GCC_NO_COMMON_BLOCKS = YES;
				GCC_OPTIMIZATION_LEVEL = 0;
				GCC_PREPROCESSOR_DEFINITIONS = (
					"DEBUG=1",
					"$(inherited)",
				);
				GCC_WARN_64_TO_32_BIT_CONVERSION = YES;
				GCC_WARN_ABOUT_RETURN_TYPE = YES_ERROR;
				GCC_WARN_UNDECLARED_SELECTOR = YES;
				GCC_WARN_UNINITIALIZED_AUTOS = YES_AGGRESSIVE;
				GCC_WARN_UNUSED_FUNCTION = YES;
				GCC_WARN_UNUSED_VARIABLE = YES;
				IPHONEOS_DEPLOYMENT_TARGET = 14.4;
				MTL_ENABLE_DEBUG_INFO = INCLUDE_SOURCE;
				MTL_FAST_MATH = YES;
				ONLY_ACTIVE_ARCH = YES;
				SDKROOT = iphoneos;
				SWIFT_ACTIVE_COMPILATION_CONDITIONS = DEBUG;
				SWIFT_OPTIMIZATION_LEVEL = "-Onone";
			};
			name = Debug;
		};
		12F9FAD126BC114F00A6A7A1 /* Release */ = {
			isa = XCBuildConfiguration;
			buildSettings = {
				ALWAYS_SEARCH_USER_PATHS = NO;
				CLANG_ANALYZER_NONNULL = YES;
				CLANG_ANALYZER_NUMBER_OBJECT_CONVERSION = YES_AGGRESSIVE;
				CLANG_CXX_LANGUAGE_STANDARD = "gnu++14";
				CLANG_CXX_LIBRARY = "libc++";
				CLANG_ENABLE_MODULES = YES;
				CLANG_ENABLE_OBJC_ARC = YES;
				CLANG_ENABLE_OBJC_WEAK = YES;
				CLANG_WARN_BLOCK_CAPTURE_AUTORELEASING = YES;
				CLANG_WARN_BOOL_CONVERSION = YES;
				CLANG_WARN_COMMA = YES;
				CLANG_WARN_CONSTANT_CONVERSION = YES;
				CLANG_WARN_DEPRECATED_OBJC_IMPLEMENTATIONS = YES;
				CLANG_WARN_DIRECT_OBJC_ISA_USAGE = YES_ERROR;
				CLANG_WARN_DOCUMENTATION_COMMENTS = YES;
				CLANG_WARN_EMPTY_BODY = YES;
				CLANG_WARN_ENUM_CONVERSION = YES;
				CLANG_WARN_INFINITE_RECURSION = YES;
				CLANG_WARN_INT_CONVERSION = YES;
				CLANG_WARN_NON_LITERAL_NULL_CONVERSION = YES;
				CLANG_WARN_OBJC_IMPLICIT_RETAIN_SELF = YES;
				CLANG_WARN_OBJC_LITERAL_CONVERSION = YES;
				CLANG_WARN_OBJC_ROOT_CLASS = YES_ERROR;
				CLANG_WARN_QUOTED_INCLUDE_IN_FRAMEWORK_HEADER = YES;
				CLANG_WARN_RANGE_LOOP_ANALYSIS = YES;
				CLANG_WARN_STRICT_PROTOTYPES = YES;
				CLANG_WARN_SUSPICIOUS_MOVE = YES;
				CLANG_WARN_UNGUARDED_AVAILABILITY = YES_AGGRESSIVE;
				CLANG_WARN_UNREACHABLE_CODE = YES;
				CLANG_WARN__DUPLICATE_METHOD_MATCH = YES;
				COPY_PHASE_STRIP = NO;
				DEBUG_INFORMATION_FORMAT = "dwarf-with-dsym";
				ENABLE_NS_ASSERTIONS = NO;
				ENABLE_STRICT_OBJC_MSGSEND = YES;
				GCC_C_LANGUAGE_STANDARD = gnu11;
				GCC_NO_COMMON_BLOCKS = YES;
				GCC_WARN_64_TO_32_BIT_CONVERSION = YES;
				GCC_WARN_ABOUT_RETURN_TYPE = YES_ERROR;
				GCC_WARN_UNDECLARED_SELECTOR = YES;
				GCC_WARN_UNINITIALIZED_AUTOS = YES_AGGRESSIVE;
				GCC_WARN_UNUSED_FUNCTION = YES;
				GCC_WARN_UNUSED_VARIABLE = YES;
				IPHONEOS_DEPLOYMENT_TARGET = 14.4;
				MTL_ENABLE_DEBUG_INFO = NO;
				MTL_FAST_MATH = YES;
				SDKROOT = iphoneos;
				SWIFT_COMPILATION_MODE = wholemodule;
				SWIFT_OPTIMIZATION_LEVEL = "-O";
				VALIDATE_PRODUCT = YES;
			};
			name = Release;
		};
		12F9FAD326BC114F00A6A7A1 /* Debug */ = {
			isa = XCBuildConfiguration;
			baseConfigurationReference = 0534F35C5A488285BFA6194B /* Pods-mvl-AirQuality.debug.xcconfig */;
			buildSettings = {
				ASSETCATALOG_COMPILER_APPICON_NAME = AppIcon;
				ASSETCATALOG_COMPILER_GLOBAL_ACCENT_COLOR_NAME = AccentColor;
				CODE_SIGN_STYLE = Automatic;
				INFOPLIST_FILE = "mvl-AirQuality/Info.plist";
				LD_RUNPATH_SEARCH_PATHS = (
					"$(inherited)",
					"@executable_path/Frameworks",
				);
				PRODUCT_BUNDLE_IDENTIFIER = "son.mvl-AirQuality";
				PRODUCT_NAME = "$(TARGET_NAME)";
				SWIFT_VERSION = 5.0;
				TARGETED_DEVICE_FAMILY = "1,2";
			};
			name = Debug;
		};
		12F9FAD426BC114F00A6A7A1 /* Release */ = {
			isa = XCBuildConfiguration;
			baseConfigurationReference = 281F98B780D14C6B0B379046 /* Pods-mvl-AirQuality.release.xcconfig */;
			buildSettings = {
				ASSETCATALOG_COMPILER_APPICON_NAME = AppIcon;
				ASSETCATALOG_COMPILER_GLOBAL_ACCENT_COLOR_NAME = AccentColor;
				CODE_SIGN_STYLE = Automatic;
				INFOPLIST_FILE = "mvl-AirQuality/Info.plist";
				LD_RUNPATH_SEARCH_PATHS = (
					"$(inherited)",
					"@executable_path/Frameworks",
				);
				PRODUCT_BUNDLE_IDENTIFIER = "son.mvl-AirQuality";
				PRODUCT_NAME = "$(TARGET_NAME)";
				SWIFT_VERSION = 5.0;
				TARGETED_DEVICE_FAMILY = "1,2";
			};
			name = Release;
		};
/* End XCBuildConfiguration section */

/* Begin XCConfigurationList section */
		12F9FAB926BC114F00A6A7A1 /* Build configuration list for PBXProject "mvl-AirQuality" */ = {
			isa = XCConfigurationList;
			buildConfigurations = (
				12F9FAD026BC114F00A6A7A1 /* Debug */,
				12F9FAD126BC114F00A6A7A1 /* Release */,
			);
			defaultConfigurationIsVisible = 0;
			defaultConfigurationName = Release;
		};
		12F9FAD226BC114F00A6A7A1 /* Build configuration list for PBXNativeTarget "mvl-AirQuality" */ = {
			isa = XCConfigurationList;
			buildConfigurations = (
				12F9FAD326BC114F00A6A7A1 /* Debug */,
				12F9FAD426BC114F00A6A7A1 /* Release */,
			);
			defaultConfigurationIsVisible = 0;
			defaultConfigurationName = Release;
		};
/* End XCConfigurationList section */
	};
	rootObject = 12F9FAB626BC114F00A6A7A1 /* Project object */;
}
